
Microsoft Visual Studio Solution File, Format Version 10.00
# Visual Studio 2008
Project("{FAE04EC0-301F-11D3-BF4B-00C04F79EFBC}") = "MembershipCLI", "MembershipCLI\MembershipCLI.csproj", "{C2955853-BE43-4FD9-8EFC-591DED961DC3}"
EndProject
Project("{FAE04EC0-301F-11D3-BF4B-00C04F79EFBC}") = "SSOServices", "..\mb-circulo-mbfonline\SSO\SSOModels\SSOServices.csproj", "{A037016E-12FC-4417-8801-192B092798D7}"
EndProject
Project("{FAE04EC0-301F-11D3-BF4B-00C04F79EFBC}") = "MembershipActions", "MembershipActions\MembershipActions.csproj", "{0C335EE9-AB7E-42BF-8202-78B877739809}"
EndProject
Project("{FAE04EC0-301F-11D3-BF4B-00C04F79EFBC}") = "MembershipForms", "MembershipForms\MembershipForms.csproj", "{C09C4D44-7E1F-4D18-B7EA-E2908BA0610F}"
EndProject
Project("{FAE04EC0-301F-11D3-BF4B-00C04F79EFBC}") = "MembershipWeb", "MembershipWeb\MembershipWeb.csproj", "{4ACF1AA2-C72A-4539-9555-FC5A59CEB812}"
EndProject
Global
	GlobalSection(SolutionConfigurationPlatforms) = preSolution
		Debug|Any CPU = Debug|Any CPU
		Debug|x64 = Debug|x64
		Debug|x86 = Debug|x86
		Release|Any CPU = Release|Any CPU
		Release|x64 = Release|x64
		Release|x86 = Release|x86
	EndGlobalSection
	GlobalSection(ProjectConfigurationPlatforms) = postSolution
		{C2955853-BE43-4FD9-8EFC-591DED961DC3}.Debug|Any CPU.ActiveCfg = Debug|Any CPU
		{C2955853-BE43-4FD9-8EFC-591DED961DC3}.Debug|Any CPU.Build.0 = Debug|Any CPU
		{C2955853-BE43-4FD9-8EFC-591DED961DC3}.Debug|x64.ActiveCfg = Debug|x64
		{C2955853-BE43-4FD9-8EFC-591DED961DC3}.Debug|x64.Build.0 = Debug|x64
		{C2955853-BE43-4FD9-8EFC-591DED961DC3}.Debug|x86.ActiveCfg = Debug|x86
		{C2955853-BE43-4FD9-8EFC-591DED961DC3}.Debug|x86.Build.0 = Debug|x86
		{C2955853-BE43-4FD9-8EFC-591DED961DC3}.Release|Any CPU.ActiveCfg = Release|Any CPU
		{C2955853-BE43-4FD9-8EFC-591DED961DC3}.Release|Any CPU.Build.0 = Release|Any CPU
		{C2955853-BE43-4FD9-8EFC-591DED961DC3}.Release|x64.ActiveCfg = Release|x64
		{C2955853-BE43-4FD9-8EFC-591DED961DC3}.Release|x64.Build.0 = Release|x64
		{C2955853-BE43-4FD9-8EFC-591DED961DC3}.Release|x86.ActiveCfg = Release|x86
		{C2955853-BE43-4FD9-8EFC-591DED961DC3}.Release|x86.Build.0 = Release|x86
		{A037016E-12FC-4417-8801-192B092798D7}.Debug|Any CPU.ActiveCfg = Debug|Any CPU
		{A037016E-12FC-4417-8801-192B092798D7}.Debug|Any CPU.Build.0 = Debug|Any CPU
		{A037016E-12FC-4417-8801-192B092798D7}.Debug|x64.ActiveCfg = Debug|x64
		{A037016E-12FC-4417-8801-192B092798D7}.Debug|x64.Build.0 = Debug|x64
		{A037016E-12FC-4417-8801-192B092798D7}.Debug|x86.ActiveCfg = Debug|x86
		{A037016E-12FC-4417-8801-192B092798D7}.Debug|x86.Build.0 = Debug|x86
		{A037016E-12FC-4417-8801-192B092798D7}.Release|Any CPU.ActiveCfg = Release|Any CPU
		{A037016E-12FC-4417-8801-192B092798D7}.Release|Any CPU.Build.0 = Release|Any CPU
		{A037016E-12FC-4417-8801-192B092798D7}.Release|x64.ActiveCfg = Release|x64
		{A037016E-12FC-4417-8801-192B092798D7}.Release|x64.Build.0 = Release|x64
		{A037016E-12FC-4417-8801-192B092798D7}.Release|x86.ActiveCfg = Release|x86
		{A037016E-12FC-4417-8801-192B092798D7}.Release|x86.Build.0 = Release|x86
		{0C335EE9-AB7E-42BF-8202-78B877739809}.Debug|Any CPU.ActiveCfg = Debug|Any CPU
		{0C335EE9-AB7E-42BF-8202-78B877739809}.Debug|Any CPU.Build.0 = Debug|Any CPU
		{0C335EE9-AB7E-42BF-8202-78B877739809}.Debug|x64.ActiveCfg = Debug|x64
		{0C335EE9-AB7E-42BF-8202-78B877739809}.Debug|x64.Build.0 = Debug|x64
		{0C335EE9-AB7E-42BF-8202-78B877739809}.Debug|x86.ActiveCfg = Debug|x86
		{0C335EE9-AB7E-42BF-8202-78B877739809}.Debug|x86.Build.0 = Debug|x86
		{0C335EE9-AB7E-42BF-8202-78B877739809}.Release|Any CPU.ActiveCfg = Release|Any CPU
		{0C335EE9-AB7E-42BF-8202-78B877739809}.Release|Any CPU.Build.0 = Release|Any CPU
		{0C335EE9-AB7E-42BF-8202-78B877739809}.Release|x64.ActiveCfg = Release|x64
		{0C335EE9-AB7E-42BF-8202-78B877739809}.Release|x64.Build.0 = Release|x64
		{0C335EE9-AB7E-42BF-8202-78B877739809}.Release|x86.ActiveCfg = Release|x86
		{0C335EE9-AB7E-42BF-8202-78B877739809}.Release|x86.Build.0 = Release|x86
		{C09C4D44-7E1F-4D18-B7EA-E2908BA0610F}.Debug|Any CPU.ActiveCfg = Debug|Any CPU
		{C09C4D44-7E1F-4D18-B7EA-E2908BA0610F}.Debug|Any CPU.Build.0 = Debug|Any CPU
		{C09C4D44-7E1F-4D18-B7EA-E2908BA0610F}.Debug|x64.ActiveCfg = Debug|x64
		{C09C4D44-7E1F-4D18-B7EA-E2908BA0610F}.Debug|x64.Build.0 = Debug|x64
		{C09C4D44-7E1F-4D18-B7EA-E2908BA0610F}.Debug|x86.ActiveCfg = Debug|x86
		{C09C4D44-7E1F-4D18-B7EA-E2908BA0610F}.Debug|x86.Build.0 = Debug|x86
		{C09C4D44-7E1F-4D18-B7EA-E2908BA0610F}.Release|Any CPU.ActiveCfg = Release|Any CPU
		{C09C4D44-7E1F-4D18-B7EA-E2908BA0610F}.Release|Any CPU.Build.0 = Release|Any CPU
		{C09C4D44-7E1F-4D18-B7EA-E2908BA0610F}.Release|x64.ActiveCfg = Release|x64
		{C09C4D44-7E1F-4D18-B7EA-E2908BA0610F}.Release|x64.Build.0 = Release|x64
		{C09C4D44-7E1F-4D18-B7EA-E2908BA0610F}.Release|x86.ActiveCfg = Release|x86
		{C09C4D44-7E1F-4D18-B7EA-E2908BA0610F}.Release|x86.Build.0 = Release|x86
		{4ACF1AA2-C72A-4539-9555-FC5A59CEB812}.Debug|Any CPU.ActiveCfg = Debug|Any CPU
		{4ACF1AA2-C72A-4539-9555-FC5A59CEB812}.Debug|Any CPU.Build.0 = Debug|Any CPU
		{4ACF1AA2-C72A-4539-9555-FC5A59CEB812}.Debug|x64.ActiveCfg = Debug|x64
		{4ACF1AA2-C72A-4539-9555-FC5A59CEB812}.Debug|x64.Build.0 = Debug|x64
		{4ACF1AA2-C72A-4539-9555-FC5A59CEB812}.Debug|x86.ActiveCfg = Debug|Any CPU
		{4ACF1AA2-C72A-4539-9555-FC5A59CEB812}.Release|Any CPU.ActiveCfg = Release|Any CPU
		{4ACF1AA2-C72A-4539-9555-FC5A59CEB812}.Release|Any CPU.Build.0 = Release|Any CPU
		{4ACF1AA2-C72A-4539-9555-FC5A59CEB812}.Release|x64.ActiveCfg = Release|Any CPU
		{4ACF1AA2-C72A-4539-9555-FC5A59CEB812}.Release|x86.ActiveCfg = Release|Any CPU
	EndGlobalSection
	GlobalSection(SolutionProperties) = preSolution
		HideSolutionNode = FALSE
	EndGlobalSection
EndGlobal
